<?xml version="1.0" encoding="utf-8"?>
<Project ToolsVersion="4.0" xmlns="http://schemas.microsoft.com/developer/msbuild/2003">
  <ItemGroup>
    <Filter Include="소스 파일">
      <UniqueIdentifier>{4FC737F1-C7A5-4376-A066-2A32D752A2FF}</UniqueIdentifier>
      <Extensions>cpp;c;cc;cxx;def;odl;idl;hpj;bat;asm;asmx</Extensions>
    </Filter>
    <Filter Include="헤더 파일">
      <UniqueIdentifier>{93995380-89BD-4b04-88EB-625FBE52EBFB}</UniqueIdentifier>
      <Extensions>h;hh;hpp;hxx;hm;inl;inc;ipp;xsd</Extensions>
    </Filter>
    <Filter Include="리소스 파일">
      <UniqueIdentifier>{67DA6AB6-F800-4c08-8B7A-83BB121AAD01}</UniqueIdentifier>
      <Extensions>rc;ico;cur;bmp;dlg;rc2;rct;bin;rgs;gif;jpg;jpeg;jpe;resx;tiff;tif;png;wav;mfcribbon-ms</Extensions>
    </Filter>
    <Filter Include="소스 파일\Comm">
      <UniqueIdentifier>{d9d81123-c1d6-4df5-899d-75f6240d0341}</UniqueIdentifier>
    </Filter>
    <Filter Include="헤더 파일\Comm">
      <UniqueIdentifier>{695f2061-da3e-40ca-8ec4-d44ea9c30d6d}</UniqueIdentifier>
    </Filter>
    <Filter Include="헤더 파일\Event">
      <UniqueIdentifier>{48f1352a-efaa-423e-8456-cfa8ef51f8ba}</UniqueIdentifier>
    </Filter>
    <Filter Include="헤더 파일\XML">
      <UniqueIdentifier>{5bbc4b2c-7ad2-4cee-bf40-43af7c56d43c}</UniqueIdentifier>
    </Filter>
    <Filter Include="소스 파일\XML">
      <UniqueIdentifier>{b6772657-acd4-47bd-98a1-38c6f9339ea2}</UniqueIdentifier>
    </Filter>
  </ItemGroup>
  <ItemGroup>
    <ClInclude Include="framework.h">
      <Filter>헤더 파일</Filter>
    </ClInclude>
    <ClInclude Include="pch.h">
      <Filter>헤더 파일</Filter>
    </ClInclude>
    <ClInclude Include="include\Comm\IcsTcpServer.h">
      <Filter>헤더 파일\Comm</Filter>
    </ClInclude>
    <ClInclude Include="include\Comm\IcsCommunicator.h">
      <Filter>헤더 파일\Comm</Filter>
    </ClInclude>
    <ClInclude Include="include\Comm\IcsCommError.h">
      <Filter>헤더 파일\Comm</Filter>
    </ClInclude>
    <ClInclude Include="include\Comm\IcsRemote.h">
      <Filter>헤더 파일\Comm</Filter>
    </ClInclude>
    <ClInclude Include="include\Comm\IcsRemoteLoUnloader.h">
      <Filter>헤더 파일\Comm</Filter>
    </ClInclude>
    <ClInclude Include="include\Comm\IcsCommArgs.h">
      <Filter>헤더 파일\Comm</Filter>
    </ClInclude>
    <ClInclude Include="include\Comm\IcsRemoteTester.h">
      <Filter>헤더 파일\Comm</Filter>
    </ClInclude>
    <ClInclude Include="include\Comm\IcsClient.h">
      <Filter>헤더 파일\Comm</Filter>
    </ClInclude>
    <ClInclude Include="include\Comm\IcsRequestArgs.h">
      <Filter>헤더 파일\Comm</Filter>
    </ClInclude>
    <ClInclude Include="include\Comm\IcsRequestTypedArgs.h">
      <Filter>헤더 파일\Comm</Filter>
    </ClInclude>
    <ClInclude Include="include\IcsRequestTypedArgsImpl.hpp">
      <Filter>헤더 파일</Filter>
    </ClInclude>
    <ClInclude Include="include\Comm\IcsClientLoUnloader.h">
      <Filter>헤더 파일\Comm</Filter>
    </ClInclude>
    <ClInclude Include="include\Comm\IcsClientTester.h">
      <Filter>헤더 파일\Comm</Filter>
    </ClInclude>
    <ClInclude Include="include\Event\IcsCommEvent.h">
      <Filter>헤더 파일\Event</Filter>
    </ClInclude>
    <ClInclude Include="include\IcsRequestEvent.hpp">
      <Filter>헤더 파일</Filter>
    </ClInclude>
    <ClInclude Include="resource.h">
      <Filter>헤더 파일</Filter>
    </ClInclude>
    <ClInclude Include="include\Comm\IcsRemoteEes.h">
      <Filter>헤더 파일\Comm</Filter>
    </ClInclude>
    <ClInclude Include="include\xml3all.h">
      <Filter>헤더 파일\XML</Filter>
    </ClInclude>
    <ClInclude Include="include\Markup.h">
      <Filter>헤더 파일\XML</Filter>
    </ClInclude>
    <ClInclude Include="include\xmlArgs.h">
      <Filter>헤더 파일\XML</Filter>
    </ClInclude>
    <ClInclude Include="include\Event\IcsCommEventEes.h">
      <Filter>헤더 파일\Event</Filter>
    </ClInclude>
  </ItemGroup>
  <ItemGroup>
    <ClCompile Include="dllmain.cpp">
      <Filter>소스 파일</Filter>
    </ClCompile>
    <ClCompile Include="pch.cpp">
      <Filter>소스 파일</Filter>
    </ClCompile>
    <ClCompile Include="source\Comm\IcsTcpServer.cpp">
      <Filter>소스 파일\Comm</Filter>
    </ClCompile>
    <ClCompile Include="source\Comm\IcsCommunicator.cpp">
      <Filter>소스 파일\Comm</Filter>
    </ClCompile>
    <ClCompile Include="source\Comm\IcsRemote.cpp">
      <Filter>소스 파일\Comm</Filter>
    </ClCompile>
    <ClCompile Include="source\Comm\IcsRemoteLoUnloader.cpp">
      <Filter>소스 파일\Comm</Filter>
    </ClCompile>
    <ClCompile Include="source\Comm\IcsRemoteTester.cpp">
      <Filter>소스 파일\Comm</Filter>
    </ClCompile>
    <ClCompile Include="source\Comm\IcsClient.cpp">
      <Filter>소스 파일\Comm</Filter>
    </ClCompile>
    <ClCompile Include="source\Comm\IcsRequestArgs.cpp">
      <Filter>소스 파일\Comm</Filter>
    </ClCompile>
    <ClCompile Include="source\Comm\IcsClientLoUnloader.cpp">
      <Filter>소스 파일\Comm</Filter>
    </ClCompile>
    <ClCompile Include="source\Comm\IcsClientTester.cpp">
      <Filter>소스 파일\Comm</Filter>
    </ClCompile>
    <ClCompile Include="source\Comm\IcsRemoteEes.cpp">
      <Filter>소스 파일\Comm</Filter>
    </ClCompile>
    <ClCompile Include="source\Markup.cpp">
      <Filter>소스 파일\XML</Filter>
    </ClCompile>
  </ItemGroup>
  <ItemGroup>
    <ResourceCompile Include="ltics_comm.rc">
      <Filter>리소스 파일</Filter>
    </ResourceCompile>
  </ItemGroup>
</Project>