
Microsoft Visual Studio Solution File, Format Version 12.00
# Visual Studio 15
VisualStudioVersion = 15.0.28307.1738
MinimumVisualStudioVersion = 10.0.40219.1
Project("{8BC9CEB8-8B4A-11D0-8D11-00A0C91BC942}") = "IcsClient", "IcsClient.vcxproj", "{F4E0FB4B-F802-4672-BD55-C5769EACE67E}"
EndProject
Global
	GlobalSection(SolutionConfigurationPlatforms) = preSolution
		Debug|x64 = Debug|x64
		Debug|x86 = Debug|x86
		Release|x64 = Release|x64
		Release|x86 = Release|x86
	EndGlobalSection
	GlobalSection(ProjectConfigurationPlatforms) = postSolution
		{F4E0FB4B-F802-4672-BD55-C5769EACE67E}.Debug|x64.ActiveCfg = Debug|x64
		{F4E0FB4B-F802-4672-BD55-C5769EACE67E}.Debug|x64.Build.0 = Debug|x64
		{F4E0FB4B-F802-4672-BD55-C5769EACE67E}.Debug|x86.ActiveCfg = Debug|Win32
		{F4E0FB4B-F802-4672-BD55-C5769EACE67E}.Debug|x86.Build.0 = Debug|Win32
		{F4E0FB4B-F802-4672-BD55-C5769EACE67E}.Release|x64.ActiveCfg = Release|x64
		{F4E0FB4B-F802-4672-BD55-C5769EACE67E}.Release|x64.Build.0 = Release|x64
		{F4E0FB4B-F802-4672-BD55-C5769EACE67E}.Release|x86.ActiveCfg = Release|Win32
		{F4E0FB4B-F802-4672-BD55-C5769EACE67E}.Release|x86.Build.0 = Release|Win32
	EndGlobalSection
	GlobalSection(SolutionProperties) = preSolution
		HideSolutionNode = FALSE
	EndGlobalSection
	GlobalSection(ExtensibilityGlobals) = postSolution
		SolutionGuid = {3120D1DD-4579-442E-B0BB-3102F61744D1}
	EndGlobalSection
EndGlobal
